
Microsoft Visual Studio Solution File, Format Version 12.00
# Visual Studio Version 16
VisualStudioVersion = 16.0.30517.126
MinimumVisualStudioVersion = 10.0.40219.1
Project("{8BC9CEB8-8B4A-11D0-8D11-00A0C91BC942}") = "Project_Lab_3_1_Mas", "Project_Lab_3_Mas\Project_Lab_3_Mas.vcxproj", "{60EDD2E9-BA6D-4A3D-AFC3-C7A9E3131BFD}"
EndProject
Project("{8BC9CEB8-8B4A-11D0-8D11-00A0C91BC942}") = "Project_Lab_2_tsi", "..\Project_Lab_3_Tsikl\Demyanova_201_331\Demyanova_201_331.vcxproj", "{9187E98C-5598-4866-847C-84986C951F70}"
EndProject
Project("{8BC9CEB8-8B4A-11D0-8D11-00A0C91BC942}") = "Project_Lab_3_2_Mas", "Project_Lab_3_2_Mas\Project_Lab_3_2_Mas.vcxproj", "{55C93269-87A1-4404-B0F1-8130FFCC9208}"
EndProject
Project("{8BC9CEB8-8B4A-11D0-8D11-00A0C91BC942}") = "Lab_7_Shab", "Lab_7_Shab\Lab_7_Shab.vcxproj", "{0E65A4DA-21FC-4674-B999-18C50DB4607B}"
EndProject
Project("{8BC9CEB8-8B4A-11D0-8D11-00A0C91BC942}") = "Lab_6_2", "Lab_6_2\Lab_6_2.vcxproj", "{E2358B0A-369D-4558-B243-37B1DDC7C5DB}"
EndProject
Project("{8BC9CEB8-8B4A-11D0-8D11-00A0C91BC942}") = "Lab_4_2", "Lab_4_2\Lab_4_2.vcxproj", "{28C28B23-F91A-420F-9DCF-02B7587E2216}"
EndProject
Project("{8BC9CEB8-8B4A-11D0-8D11-00A0C91BC942}") = "Lab_4_1", "Lab_4_1\Lab_4_1.vcxproj", "{BA5712BB-35CC-406A-A5F0-B621B8B419D1}"
EndProject
Project("{8BC9CEB8-8B4A-11D0-8D11-00A0C91BC942}") = "Lab_5_1", "Lab_5_1\Lab_5_1.vcxproj", "{C96090B8-2F91-4C0C-97EC-4DB931077AD2}"
EndProject
Project("{8BC9CEB8-8B4A-11D0-8D11-00A0C91BC942}") = "Lab5_2", "Lab5_2\Lab5_2.vcxproj", "{18B61F48-515A-4B12-9905-9D283BFE2636}"
EndProject
Project("{8BC9CEB8-8B4A-11D0-8D11-00A0C91BC942}") = "Lab_5_3", "Lab_5_3\Lab_5_3.vcxproj", "{41EFE771-29A8-4826-842D-90F7A56C03BD}"
EndProject
Project("{8BC9CEB8-8B4A-11D0-8D11-00A0C91BC942}") = "Lav_5_4", "Lav_5_4\Lav_5_4.vcxproj", "{3BCB2742-DB7D-468C-A559-9A01B1C8506D}"
EndProject
Project("{8BC9CEB8-8B4A-11D0-8D11-00A0C91BC942}") = "Lab_6_1", "Lab_6_1\Lab_6_1.vcxproj", "{EC5BDB79-1993-4AC8-A5B6-272B1E8CA9A6}"
EndProject
Project("{8BC9CEB8-8B4A-11D0-8D11-00A0C91BC942}") = "Lab_6_3", "Lab_6_3\Lab_6_3.vcxproj", "{5FA1B8F4-F43B-4C2F-B39E-A4EF5BCCB642}"
EndProject
Project("{8BC9CEB8-8B4A-11D0-8D11-00A0C91BC942}") = "Lab_6_4", "Lab_6_4\Lab_6_4.vcxproj", "{B4F26361-E021-4A76-B910-A5F1BDF70B00}"
EndProject
Project("{8BC9CEB8-8B4A-11D0-8D11-00A0C91BC942}") = "Lab_6_6", "Lab_6_6\Lab_6_6.vcxproj", "{7C7C9239-5E58-4721-8E17-BF5A61441A11}"
EndProject
Project("{8BC9CEB8-8B4A-11D0-8D11-00A0C91BC942}") = "Ycheb", "Ycheb\Ycheb.vcxproj", "{A96598C1-07A2-4B88-920A-BC87A008F240}"
EndProject
Global
	GlobalSection(SolutionConfigurationPlatforms) = preSolution
		Debug|x64 = Debug|x64
		Debug|x86 = Debug|x86
		Release|x64 = Release|x64
		Release|x86 = Release|x86
	EndGlobalSection
	GlobalSection(ProjectConfigurationPlatforms) = postSolution
		{60EDD2E9-BA6D-4A3D-AFC3-C7A9E3131BFD}.Debug|x64.ActiveCfg = Debug|x64
		{60EDD2E9-BA6D-4A3D-AFC3-C7A9E3131BFD}.Debug|x64.Build.0 = Debug|x64
		{60EDD2E9-BA6D-4A3D-AFC3-C7A9E3131BFD}.Debug|x86.ActiveCfg = Debug|Win32
		{60EDD2E9-BA6D-4A3D-AFC3-C7A9E3131BFD}.Debug|x86.Build.0 = Debug|Win32
		{60EDD2E9-BA6D-4A3D-AFC3-C7A9E3131BFD}.Release|x64.ActiveCfg = Release|x64
		{60EDD2E9-BA6D-4A3D-AFC3-C7A9E3131BFD}.Release|x64.Build.0 = Release|x64
		{60EDD2E9-BA6D-4A3D-AFC3-C7A9E3131BFD}.Release|x86.ActiveCfg = Release|Win32
		{60EDD2E9-BA6D-4A3D-AFC3-C7A9E3131BFD}.Release|x86.Build.0 = Release|Win32
		{9187E98C-5598-4866-847C-84986C951F70}.Debug|x64.ActiveCfg = Debug|x64
		{9187E98C-5598-4866-847C-84986C951F70}.Debug|x64.Build.0 = Debug|x64
		{9187E98C-5598-4866-847C-84986C951F70}.Debug|x86.ActiveCfg = Debug|Win32
		{9187E98C-5598-4866-847C-84986C951F70}.Debug|x86.Build.0 = Debug|Win32
		{9187E98C-5598-4866-847C-84986C951F70}.Release|x64.ActiveCfg = Release|x64
		{9187E98C-5598-4866-847C-84986C951F70}.Release|x64.Build.0 = Release|x64
		{9187E98C-5598-4866-847C-84986C951F70}.Release|x86.ActiveCfg = Release|Win32
		{9187E98C-5598-4866-847C-84986C951F70}.Release|x86.Build.0 = Release|Win32
		{55C93269-87A1-4404-B0F1-8130FFCC9208}.Debug|x64.ActiveCfg = Debug|x64
		{55C93269-87A1-4404-B0F1-8130FFCC9208}.Debug|x64.Build.0 = Debug|x64
		{55C93269-87A1-4404-B0F1-8130FFCC9208}.Debug|x86.ActiveCfg = Debug|Win32
		{55C93269-87A1-4404-B0F1-8130FFCC9208}.Debug|x86.Build.0 = Debug|Win32
		{55C93269-87A1-4404-B0F1-8130FFCC9208}.Release|x64.ActiveCfg = Release|x64
		{55C93269-87A1-4404-B0F1-8130FFCC9208}.Release|x64.Build.0 = Release|x64
		{55C93269-87A1-4404-B0F1-8130FFCC9208}.Release|x86.ActiveCfg = Release|Win32
		{55C93269-87A1-4404-B0F1-8130FFCC9208}.Release|x86.Build.0 = Release|Win32
		{0E65A4DA-21FC-4674-B999-18C50DB4607B}.Debug|x64.ActiveCfg = Debug|x64
		{0E65A4DA-21FC-4674-B999-18C50DB4607B}.Debug|x64.Build.0 = Debug|x64
		{0E65A4DA-21FC-4674-B999-18C50DB4607B}.Debug|x86.ActiveCfg = Debug|Win32
		{0E65A4DA-21FC-4674-B999-18C50DB4607B}.Debug|x86.Build.0 = Debug|Win32
		{0E65A4DA-21FC-4674-B999-18C50DB4607B}.Release|x64.ActiveCfg = Release|x64
		{0E65A4DA-21FC-4674-B999-18C50DB4607B}.Release|x64.Build.0 = Release|x64
		{0E65A4DA-21FC-4674-B999-18C50DB4607B}.Release|x86.ActiveCfg = Release|Win32
		{0E65A4DA-21FC-4674-B999-18C50DB4607B}.Release|x86.Build.0 = Release|Win32
		{E2358B0A-369D-4558-B243-37B1DDC7C5DB}.Debug|x64.ActiveCfg = Debug|x64
		{E2358B0A-369D-4558-B243-37B1DDC7C5DB}.Debug|x64.Build.0 = Debug|x64
		{E2358B0A-369D-4558-B243-37B1DDC7C5DB}.Debug|x86.ActiveCfg = Debug|Win32
		{E2358B0A-369D-4558-B243-37B1DDC7C5DB}.Debug|x86.Build.0 = Debug|Win32
		{E2358B0A-369D-4558-B243-37B1DDC7C5DB}.Release|x64.ActiveCfg = Release|x64
		{E2358B0A-369D-4558-B243-37B1DDC7C5DB}.Release|x64.Build.0 = Release|x64
		{E2358B0A-369D-4558-B243-37B1DDC7C5DB}.Release|x86.ActiveCfg = Release|Win32
		{E2358B0A-369D-4558-B243-37B1DDC7C5DB}.Release|x86.Build.0 = Release|Win32
		{28C28B23-F91A-420F-9DCF-02B7587E2216}.Debug|x64.ActiveCfg = Debug|x64
		{28C28B23-F91A-420F-9DCF-02B7587E2216}.Debug|x64.Build.0 = Debug|x64
		{28C28B23-F91A-420F-9DCF-02B7587E2216}.Debug|x86.ActiveCfg = Debug|Win32
		{28C28B23-F91A-420F-9DCF-02B7587E2216}.Debug|x86.Build.0 = Debug|Win32
		{28C28B23-F91A-420F-9DCF-02B7587E2216}.Release|x64.ActiveCfg = Release|x64
		{28C28B23-F91A-420F-9DCF-02B7587E2216}.Release|x64.Build.0 = Release|x64
		{28C28B23-F91A-420F-9DCF-02B7587E2216}.Release|x86.ActiveCfg = Release|Win32
		{28C28B23-F91A-420F-9DCF-02B7587E2216}.Release|x86.Build.0 = Release|Win32
		{BA5712BB-35CC-406A-A5F0-B621B8B419D1}.Debug|x64.ActiveCfg = Debug|x64
		{BA5712BB-35CC-406A-A5F0-B621B8B419D1}.Debug|x64.Build.0 = Debug|x64
		{BA5712BB-35CC-406A-A5F0-B621B8B419D1}.Debug|x86.ActiveCfg = Debug|Win32
		{BA5712BB-35CC-406A-A5F0-B621B8B419D1}.Debug|x86.Build.0 = Debug|Win32
		{BA5712BB-35CC-406A-A5F0-B621B8B419D1}.Release|x64.ActiveCfg = Release|x64
		{BA5712BB-35CC-406A-A5F0-B621B8B419D1}.Release|x64.Build.0 = Release|x64
		{BA5712BB-35CC-406A-A5F0-B621B8B419D1}.Release|x86.ActiveCfg = Release|Win32
		{BA5712BB-35CC-406A-A5F0-B621B8B419D1}.Release|x86.Build.0 = Release|Win32
		{C96090B8-2F91-4C0C-97EC-4DB931077AD2}.Debug|x64.ActiveCfg = Debug|x64
		{C96090B8-2F91-4C0C-97EC-4DB931077AD2}.Debug|x64.Build.0 = Debug|x64
		{C96090B8-2F91-4C0C-97EC-4DB931077AD2}.Debug|x86.ActiveCfg = Debug|Win32
		{C96090B8-2F91-4C0C-97EC-4DB931077AD2}.Debug|x86.Build.0 = Debug|Win32
		{C96090B8-2F91-4C0C-97EC-4DB931077AD2}.Release|x64.ActiveCfg = Release|x64
		{C96090B8-2F91-4C0C-97EC-4DB931077AD2}.Release|x64.Build.0 = Release|x64
		{C96090B8-2F91-4C0C-97EC-4DB931077AD2}.Release|x86.ActiveCfg = Release|Win32
		{C96090B8-2F91-4C0C-97EC-4DB931077AD2}.Release|x86.Build.0 = Release|Win32
		{18B61F48-515A-4B12-9905-9D283BFE2636}.Debug|x64.ActiveCfg = Debug|x64
		{18B61F48-515A-4B12-9905-9D283BFE2636}.Debug|x64.Build.0 = Debug|x64
		{18B61F48-515A-4B12-9905-9D283BFE2636}.Debug|x86.ActiveCfg = Debug|Win32
		{18B61F48-515A-4B12-9905-9D283BFE2636}.Debug|x86.Build.0 = Debug|Win32
		{18B61F48-515A-4B12-9905-9D283BFE2636}.Release|x64.ActiveCfg = Release|x64
		{18B61F48-515A-4B12-9905-9D283BFE2636}.Release|x64.Build.0 = Release|x64
		{18B61F48-515A-4B12-9905-9D283BFE2636}.Release|x86.ActiveCfg = Release|Win32
		{18B61F48-515A-4B12-9905-9D283BFE2636}.Release|x86.Build.0 = Release|Win32
		{41EFE771-29A8-4826-842D-90F7A56C03BD}.Debug|x64.ActiveCfg = Debug|x64
		{41EFE771-29A8-4826-842D-90F7A56C03BD}.Debug|x64.Build.0 = Debug|x64
		{41EFE771-29A8-4826-842D-90F7A56C03BD}.Debug|x86.ActiveCfg = Debug|Win32
		{41EFE771-29A8-4826-842D-90F7A56C03BD}.Debug|x86.Build.0 = Debug|Win32
		{41EFE771-29A8-4826-842D-90F7A56C03BD}.Release|x64.ActiveCfg = Release|x64
		{41EFE771-29A8-4826-842D-90F7A56C03BD}.Release|x64.Build.0 = Release|x64
		{41EFE771-29A8-4826-842D-90F7A56C03BD}.Release|x86.ActiveCfg = Release|Win32
		{41EFE771-29A8-4826-842D-90F7A56C03BD}.Release|x86.Build.0 = Release|Win32
		{3BCB2742-DB7D-468C-A559-9A01B1C8506D}.Debug|x64.ActiveCfg = Debug|x64
		{3BCB2742-DB7D-468C-A559-9A01B1C8506D}.Debug|x64.Build.0 = Debug|x64
		{3BCB2742-DB7D-468C-A559-9A01B1C8506D}.Debug|x86.ActiveCfg = Debug|Win32
		{3BCB2742-DB7D-468C-A559-9A01B1C8506D}.Debug|x86.Build.0 = Debug|Win32
		{3BCB2742-DB7D-468C-A559-9A01B1C8506D}.Release|x64.ActiveCfg = Release|x64
		{3BCB2742-DB7D-468C-A559-9A01B1C8506D}.Release|x64.Build.0 = Release|x64
		{3BCB2742-DB7D-468C-A559-9A01B1C8506D}.Release|x86.ActiveCfg = Release|Win32
		{3BCB2742-DB7D-468C-A559-9A01B1C8506D}.Release|x86.Build.0 = Release|Win32
		{EC5BDB79-1993-4AC8-A5B6-272B1E8CA9A6}.Debug|x64.ActiveCfg = Debug|x64
		{EC5BDB79-1993-4AC8-A5B6-272B1E8CA9A6}.Debug|x64.Build.0 = Debug|x64
		{EC5BDB79-1993-4AC8-A5B6-272B1E8CA9A6}.Debug|x86.ActiveCfg = Debug|Win32
		{EC5BDB79-1993-4AC8-A5B6-272B1E8CA9A6}.Debug|x86.Build.0 = Debug|Win32
		{EC5BDB79-1993-4AC8-A5B6-272B1E8CA9A6}.Release|x64.ActiveCfg = Release|x64
		{EC5BDB79-1993-4AC8-A5B6-272B1E8CA9A6}.Release|x64.Build.0 = Release|x64
		{EC5BDB79-1993-4AC8-A5B6-272B1E8CA9A6}.Release|x86.ActiveCfg = Release|Win32
		{EC5BDB79-1993-4AC8-A5B6-272B1E8CA9A6}.Release|x86.Build.0 = Release|Win32
		{5FA1B8F4-F43B-4C2F-B39E-A4EF5BCCB642}.Debug|x64.ActiveCfg = Debug|x64
		{5FA1B8F4-F43B-4C2F-B39E-A4EF5BCCB642}.Debug|x64.Build.0 = Debug|x64
		{5FA1B8F4-F43B-4C2F-B39E-A4EF5BCCB642}.Debug|x86.ActiveCfg = Debug|Win32
		{5FA1B8F4-F43B-4C2F-B39E-A4EF5BCCB642}.Debug|x86.Build.0 = Debug|Win32
		{5FA1B8F4-F43B-4C2F-B39E-A4EF5BCCB642}.Release|x64.ActiveCfg = Release|x64
		{5FA1B8F4-F43B-4C2F-B39E-A4EF5BCCB642}.Release|x64.Build.0 = Release|x64
		{5FA1B8F4-F43B-4C2F-B39E-A4EF5BCCB642}.Release|x86.ActiveCfg = Release|Win32
		{5FA1B8F4-F43B-4C2F-B39E-A4EF5BCCB642}.Release|x86.Build.0 = Release|Win32
		{B4F26361-E021-4A76-B910-A5F1BDF70B00}.Debug|x64.ActiveCfg = Debug|x64
		{B4F26361-E021-4A76-B910-A5F1BDF70B00}.Debug|x64.Build.0 = Debug|x64
		{B4F26361-E021-4A76-B910-A5F1BDF70B00}.Debug|x86.ActiveCfg = Debug|Win32
		{B4F26361-E021-4A76-B910-A5F1BDF70B00}.Debug|x86.Build.0 = Debug|Win32
		{B4F26361-E021-4A76-B910-A5F1BDF70B00}.Release|x64.ActiveCfg = Release|x64
		{B4F26361-E021-4A76-B910-A5F1BDF70B00}.Release|x64.Build.0 = Release|x64
		{B4F26361-E021-4A76-B910-A5F1BDF70B00}.Release|x86.ActiveCfg = Release|Win32
		{B4F26361-E021-4A76-B910-A5F1BDF70B00}.Release|x86.Build.0 = Release|Win32
		{7C7C9239-5E58-4721-8E17-BF5A61441A11}.Debug|x64.ActiveCfg = Debug|x64
		{7C7C9239-5E58-4721-8E17-BF5A61441A11}.Debug|x64.Build.0 = Debug|x64
		{7C7C9239-5E58-4721-8E17-BF5A61441A11}.Debug|x86.ActiveCfg = Debug|Win32
		{7C7C9239-5E58-4721-8E17-BF5A61441A11}.Debug|x86.Build.0 = Debug|Win32
		{7C7C9239-5E58-4721-8E17-BF5A61441A11}.Release|x64.ActiveCfg = Release|x64
		{7C7C9239-5E58-4721-8E17-BF5A61441A11}.Release|x64.Build.0 = Release|x64
		{7C7C9239-5E58-4721-8E17-BF5A61441A11}.Release|x86.ActiveCfg = Release|Win32
		{7C7C9239-5E58-4721-8E17-BF5A61441A11}.Release|x86.Build.0 = Release|Win32
		{A96598C1-07A2-4B88-920A-BC87A008F240}.Debug|x64.ActiveCfg = Debug|x64
		{A96598C1-07A2-4B88-920A-BC87A008F240}.Debug|x64.Build.0 = Debug|x64
		{A96598C1-07A2-4B88-920A-BC87A008F240}.Debug|x86.ActiveCfg = Debug|Win32
		{A96598C1-07A2-4B88-920A-BC87A008F240}.Debug|x86.Build.0 = Debug|Win32
		{A96598C1-07A2-4B88-920A-BC87A008F240}.Release|x64.ActiveCfg = Release|x64
		{A96598C1-07A2-4B88-920A-BC87A008F240}.Release|x64.Build.0 = Release|x64
		{A96598C1-07A2-4B88-920A-BC87A008F240}.Release|x86.ActiveCfg = Release|Win32
		{A96598C1-07A2-4B88-920A-BC87A008F240}.Release|x86.Build.0 = Release|Win32
	EndGlobalSection
	GlobalSection(SolutionProperties) = preSolution
		HideSolutionNode = FALSE
	EndGlobalSection
	GlobalSection(ExtensibilityGlobals) = postSolution
		SolutionGuid = {DCC87028-5869-447E-A28B-F40AD7B043A4}
	EndGlobalSection
EndGlobal
